// !$*UTF8*$!
{
	archiveVersion = 1;
	classes = {
	};
	objectVersion = 50;
	objects = {

/* Begin PBXBuildFile section */
		073112D92393E82900593334 /* ISSCollectionView.m in Sources */ = {isa = PBXBuildFile; fileRef = 073112D42393E82800593334 /* ISSCollectionView.m */; };
		073112DA2393E82900593334 /* ISSCellCollectionViewCell.m in Sources */ = {isa = PBXBuildFile; fileRef = 073112D52393E82800593334 /* ISSCellCollectionViewCell.m */; };
		1F8B7369225F9B6F00E60487 /* AppDelegate.m in Sources */ = {isa = PBXBuildFile; fileRef = 1F8B7368225F9B6F00E60487 /* AppDelegate.m */; };
		1F8B736C225F9B6F00E60487 /* ViewController.m in Sources */ = {isa = PBXBuildFile; fileRef = 1F8B736B225F9B6F00E60487 /* ViewController.m */; };
		1F8B736F225F9B6F00E60487 /* Main.storyboard in Resources */ = {isa = PBXBuildFile; fileRef = 1F8B736D225F9B6F00E60487 /* Main.storyboard */; };
		1F8B7371225F9B7000E60487 /* Assets.xcassets in Resources */ = {isa = PBXBuildFile; fileRef = 1F8B7370225F9B7000E60487 /* Assets.xcassets */; };
		1F8B7374225F9B7000E60487 /* LaunchScreen.storyboard in Resources */ = {isa = PBXBuildFile; fileRef = 1F8B7372225F9B7000E60487 /* LaunchScreen.storyboard */; };
		1F8B7377225F9B7000E60487 /* main.m in Sources */ = {isa = PBXBuildFile; fileRef = 1F8B7376225F9B7000E60487 /* main.m */; };
		1F8B737F225FB12200E60487 /* LCTOverlayView.m in Sources */ = {isa = PBXBuildFile; fileRef = 1F8B737E225FB12200E60487 /* LCTOverlayView.m */; };
/* End PBXBuildFile section */

/* Begin PBXFileReference section */
		073112D32393E82800593334 /* ISSCellCollectionViewCell.h */ = {isa = PBXFileReference; fileEncoding = 4; lastKnownFileType = sourcecode.c.h; path = ISSCellCollectionViewCell.h; sourceTree = "<group>"; };
		073112D42393E82800593334 /* ISSCollectionView.m */ = {isa = PBXFileReference; fileEncoding = 4; lastKnownFileType = sourcecode.c.objc; path = ISSCollectionView.m; sourceTree = "<group>"; };
		073112D52393E82800593334 /* ISSCellCollectionViewCell.m */ = {isa = PBXFileReference; fileEncoding = 4; lastKnownFileType = sourcecode.c.objc; path = ISSCellCollectionViewCell.m; sourceTree = "<group>"; };
		073112D82393E82900593334 /* ISSCollectionView.h */ = {isa = PBXFileReference; fileEncoding = 4; lastKnownFileType = sourcecode.c.h; path = ISSCollectionView.h; sourceTree = "<group>"; };
		1F8B7364225F9B6F00E60487 /* CameraAndGalleryExample.app */ = {isa = PBXFileReference; explicitFileType = wrapper.application; includeInIndex = 0; path = CameraAndGalleryExample.app; sourceTree = BUILT_PRODUCTS_DIR; };
		1F8B7367225F9B6F00E60487 /* AppDelegate.h */ = {isa = PBXFileReference; lastKnownFileType = sourcecode.c.h; path = AppDelegate.h; sourceTree = "<group>"; };
		1F8B7368225F9B6F00E60487 /* AppDelegate.m */ = {isa = PBXFileReference; lastKnownFileType = sourcecode.c.objc; path = AppDelegate.m; sourceTree = "<group>"; };
		1F8B736A225F9B6F00E60487 /* ViewController.h */ = {isa = PBXFileReference; lastKnownFileType = sourcecode.c.h; path = ViewController.h; sourceTree = "<group>"; };
		1F8B736B225F9B6F00E60487 /* ViewController.m */ = {isa = PBXFileReference; lastKnownFileType = sourcecode.c.objc; path = ViewController.m; sourceTree = "<group>"; };
		1F8B736E225F9B6F00E60487 /* Base */ = {isa = PBXFileReference; lastKnownFileType = file.storyboard; name = Base; path = Base.lproj/Main.storyboard; sourceTree = "<group>"; };
		1F8B7370225F9B7000E60487 /* Assets.xcassets */ = {isa = PBXFileReference; lastKnownFileType = folder.assetcatalog; path = Assets.xcassets; sourceTree = "<group>"; };
		1F8B7373225F9B7000E60487 /* Base */ = {isa = PBXFileReference; lastKnownFileType = file.storyboard; name = Base; path = Base.lproj/LaunchScreen.storyboard; sourceTree = "<group>"; };
		1F8B7375225F9B7000E60487 /* Info.plist */ = {isa = PBXFileReference; lastKnownFileType = text.plist.xml; path = Info.plist; sourceTree = "<group>"; };
		1F8B7376225F9B7000E60487 /* main.m */ = {isa = PBXFileReference; lastKnownFileType = sourcecode.c.objc; path = main.m; sourceTree = "<group>"; };
		1F8B737D225FB12200E60487 /* LCTOverlayView.h */ = {isa = PBXFileReference; lastKnownFileType = sourcecode.c.h; path = LCTOverlayView.h; sourceTree = "<group>"; };
		1F8B737E225FB12200E60487 /* LCTOverlayView.m */ = {isa = PBXFileReference; lastKnownFileType = sourcecode.c.objc; path = LCTOverlayView.m; sourceTree = "<group>"; };
/* End PBXFileReference section */

/* Begin PBXFrameworksBuildPhase section */
		1F8B7361225F9B6F00E60487 /* Frameworks */ = {
			isa = PBXFrameworksBuildPhase;
			buildActionMask = 2147483647;
			files = (
			);
			runOnlyForDeploymentPostprocessing = 0;
		};
/* End PBXFrameworksBuildPhase section */

/* Begin PBXGroup section */
		1F8B735B225F9B6F00E60487 = {
			isa = PBXGroup;
			children = (
				1F8B7366225F9B6F00E60487 /* CameraAndGalleryExample */,
				1F8B7365225F9B6F00E60487 /* Products */,
			);
			sourceTree = "<group>";
		};
		1F8B7365225F9B6F00E60487 /* Products */ = {
			isa = PBXGroup;
			children = (
				1F8B7364225F9B6F00E60487 /* CameraAndGalleryExample.app */,
			);
			name = Products;
			sourceTree = "<group>";
		};
		1F8B7366225F9B6F00E60487 /* CameraAndGalleryExample */ = {
			isa = PBXGroup;
			children = (
				073112D32393E82800593334 /* ISSCellCollectionViewCell.h */,
				073112D52393E82800593334 /* ISSCellCollectionViewCell.m */,
				073112D82393E82900593334 /* ISSCollectionView.h */,
				073112D42393E82800593334 /* ISSCollectionView.m */,
				1F8B7367225F9B6F00E60487 /* AppDelegate.h */,
				1F8B7368225F9B6F00E60487 /* AppDelegate.m */,
				1F8B736A225F9B6F00E60487 /* ViewController.h */,
				1F8B736B225F9B6F00E60487 /* ViewController.m */,
				1F8B736D225F9B6F00E60487 /* Main.storyboard */,
				1F8B7370225F9B7000E60487 /* Assets.xcassets */,
				1F8B7372225F9B7000E60487 /* LaunchScreen.storyboard */,
				1F8B7375225F9B7000E60487 /* Info.plist */,
				1F8B7376225F9B7000E60487 /* main.m */,
				1F8B737D225FB12200E60487 /* LCTOverlayView.h */,
				1F8B737E225FB12200E60487 /* LCTOverlayView.m */,
			);
			path = CameraAndGalleryExample;
			sourceTree = "<group>";
		};
/* End PBXGroup section */

/* Begin PBXNativeTarget section */
		1F8B7363225F9B6F00E60487 /* CameraAndGalleryExample */ = {
			isa = PBXNativeTarget;
			buildConfigurationList = 1F8B737A225F9B7000E60487 /* Build configuration list for PBXNativeTarget "CameraAndGalleryExample" */;
			buildPhases = (
				1F8B7360225F9B6F00E60487 /* Sources */,
				1F8B7361225F9B6F00E60487 /* Frameworks */,
				1F8B7362225F9B6F00E60487 /* Resources */,
			);
			buildRules = (
			);
			dependencies = (
			);
			name = CameraAndGalleryExample;
			productName = CameraAndGalleryExample;
			productReference = 1F8B7364225F9B6F00E60487 /* CameraAndGalleryExample.app */;
			productType = "com.apple.product-type.application";
		};
/* End PBXNativeTarget section */

/* Begin PBXProject section */
		1F8B735C225F9B6F00E60487 /* Project object */ = {
			isa = PBXProject;
			attributes = {
				LastUpgradeCheck = 1010;
				ORGANIZATIONNAME = "Alexey Levanov";
				TargetAttributes = {
					1F8B7363225F9B6F00E60487 = {
						CreatedOnToolsVersion = 10.1;
					};
				};
			};
			buildConfigurationList = 1F8B735F225F9B6F00E60487 /* Build configuration list for PBXProject "CameraAndGalleryExample" */;
			compatibilityVersion = "Xcode 9.3";
			developmentRegion = en;
			hasScannedForEncodings = 0;
			knownRegions = (
				en,
				Base,
			);
			mainGroup = 1F8B735B225F9B6F00E60487;
			productRefGroup = 1F8B7365225F9B6F00E60487 /* Products */;
			projectDirPath = "";
			projectRoot = "";
			targets = (
				1F8B7363225F9B6F00E60487 /* CameraAndGalleryExample */,
			);
		};
/* End PBXProject section */

/* Begin PBXResourcesBuildPhase section */
		1F8B7362225F9B6F00E60487 /* Resources */ = {
			isa = PBXResourcesBuildPhase;
			buildActionMask = 2147483647;
			files = (
				1F8B7374225F9B7000E60487 /* LaunchScreen.storyboard in Resources */,
				1F8B7371225F9B7000E60487 /* Assets.xcassets in Resources */,
				1F8B736F225F9B6F00E60487 /* Main.storyboard in Resources */,
			);
			runOnlyForDeploymentPostprocessing = 0;
		};
/* End PBXResourcesBuildPhase section */

/* Begin PBXSourcesBuildPhase section */
		1F8B7360225F9B6F00E60487 /* Sources */ = {
			isa = PBXSourcesBuildPhase;
			buildActionMask = 2147483647;
			files = (
				1F8B736C225F9B6F00E60487 /* ViewController.m in Sources */,
				073112D92393E82900593334 /* ISSCollectionView.m in Sources */,
				1F8B7377225F9B7000E60487 /* main.m in Sources */,
				1F8B7369225F9B6F00E60487 /* AppDelegate.m in Sources */,
				073112DA2393E82900593334 /* ISSCellCollectionViewCell.m in Sources */,
				1F8B737F225FB12200E60487 /* LCTOverlayView.m in Sources */,
			);
			runOnlyForDeploymentPostprocessing = 0;
		};
/* End PBXSourcesBuildPhase section */

/* Begin PBXVariantGroup section */
		1F8B736D225F9B6F00E60487 /* Main.storyboard */ = {
			isa = PBXVariantGroup;
			children = (
				1F8B736E225F9B6F00E60487 /* Base */,
			);
			name = Main.storyboard;
			sourceTree = "<group>";
		};
		1F8B7372225F9B7000E60487 /* LaunchScreen.storyboard */ = {
			isa = PBXVariantGroup;
			children = (
				1F8B7373225F9B7000E60487 /* Base */,
			);
			name = LaunchScreen.storyboard;
			sourceTree = "<group>";
		};
/* End PBXVariantGroup section */

/* Begin XCBuildConfiguration section */
		1F8B7378225F9B7000E60487 /* Debug */ = {
			isa = XCBuildConfiguration;
			buildSettings = {
				ALWAYS_SEARCH_USER_PATHS = NO;
				CLANG_ANALYZER_NONNULL = YES;
				CLANG_ANALYZER_NUMBER_OBJECT_CONVERSION = YES_AGGRESSIVE;
				CLANG_CXX_LANGUAGE_STANDARD = "gnu++14";
				CLANG_CXX_LIBRARY = "libc++";
				CLANG_ENABLE_MODULES = YES;
				CLANG_ENABLE_OBJC_ARC = YES;
				CLANG_ENABLE_OBJC_WEAK = YES;
				CLANG_WARN_BLOCK_CAPTURE_AUTORELEASING = YES;
				CLANG_WARN_BOOL_CONVERSION = YES;
				CLANG_WARN_COMMA = YES;
				CLANG_WARN_CONSTANT_CONVERSION = YES;
				CLANG_WARN_DEPRECATED_OBJC_IMPLEMENTATIONS = YES;
				CLANG_WARN_DIRECT_OBJC_ISA_USAGE = YES_ERROR;
				CLANG_WARN_DOCUMENTATION_COMMENTS = YES;
				CLANG_WARN_EMPTY_BODY = YES;
				CLANG_WARN_ENUM_CONVERSION = YES;
				CLANG_WARN_INFINITE_RECURSION = YES;
				CLANG_WARN_INT_CONVERSION = YES;
				CLANG_WARN_NON_LITERAL_NULL_CONVERSION = YES;
				CLANG_WARN_OBJC_IMPLICIT_RETAIN_SELF = YES;
				CLANG_WARN_OBJC_LITERAL_CONVERSION = YES;
				CLANG_WARN_OBJC_ROOT_CLASS = YES_ERROR;
				CLANG_WARN_RANGE_LOOP_ANALYSIS = YES;
				CLANG_WARN_STRICT_PROTOTYPES = YES;
				CLANG_WARN_SUSPICIOUS_MOVE = YES;
				CLANG_WARN_UNGUARDED_AVAILABILITY = YES_AGGRESSIVE;
				CLANG_WARN_UNREACHABLE_CODE = YES;
				CLANG_WARN__DUPLICATE_METHOD_MATCH = YES;
				CODE_SIGN_IDENTITY = "iPhone Developer";
				COPY_PHASE_STRIP = NO;
				DEBUG_INFORMATION_FORMAT = dwarf;
				ENABLE_STRICT_OBJC_MSGSEND = YES;
				ENABLE_TESTABILITY = YES;
				GCC_C_LANGUAGE_STANDARD = gnu11;
				GCC_DYNAMIC_NO_PIC = NO;
				GCC_NO_COMMON_BLOCKS = YES;
				GCC_OPTIMIZATION_LEVEL = 0;
				GCC_PREPROCESSOR_DEFINITIONS = (
					"DEBUG=1",
					"$(inherited)",
				);
				GCC_WARN_64_TO_32_BIT_CONVERSION = YES;
				GCC_WARN_ABOUT_RETURN_TYPE = YES_ERROR;
				GCC_WARN_UNDECLARED_SELECTOR = YES;
				GCC_WARN_UNINITIALIZED_AUTOS = YES_AGGRESSIVE;
				GCC_WARN_UNUSED_FUNCTION = YES;
				GCC_WARN_UNUSED_VARIABLE = YES;
				IPHONEOS_DEPLOYMENT_TARGET = 12.1;
				MTL_ENABLE_DEBUG_INFO = INCLUDE_SOURCE;
				MTL_FAST_MATH = YES;
				ONLY_ACTIVE_ARCH = YES;
				SDKROOT = iphoneos;
			};
			name = Debug;
		};
		1F8B7379225F9B7000E60487 /* Release */ = {
			isa = XCBuildConfiguration;
			buildSettings = {
				ALWAYS_SEARCH_USER_PATHS = NO;
				CLANG_ANALYZER_NONNULL = YES;
				CLANG_ANALYZER_NUMBER_OBJECT_CONVERSION = YES_AGGRESSIVE;
				CLANG_CXX_LANGUAGE_STANDARD = "gnu++14";
				CLANG_CXX_LIBRARY = "libc++";
				CLANG_ENABLE_MODULES = YES;
				CLANG_ENABLE_OBJC_ARC = YES;
				CLANG_ENABLE_OBJC_WEAK = YES;
				CLANG_WARN_BLOCK_CAPTURE_AUTORELEASING = YES;
				CLANG_WARN_BOOL_CONVERSION = YES;
				CLANG_WARN_COMMA = YES;
				CLANG_WARN_CONSTANT_CONVERSION = YES;
				CLANG_WARN_DEPRECATED_OBJC_IMPLEMENTATIONS = YES;
				CLANG_WARN_DIRECT_OBJC_ISA_USAGE = YES_ERROR;
				CLANG_WARN_DOCUMENTATION_COMMENTS = YES;
				CLANG_WARN_EMPTY_BODY = YES;
				CLANG_WARN_ENUM_CONVERSION = YES;
				CLANG_WARN_INFINITE_RECURSION = YES;
				CLANG_WARN_INT_CONVERSION = YES;
				CLANG_WARN_NON_LITERAL_NULL_CONVERSION = YES;
				CLANG_WARN_OBJC_IMPLICIT_RETAIN_SELF = YES;
				CLANG_WARN_OBJC_LITERAL_CONVERSION = YES;
				CLANG_WARN_OBJC_ROOT_CLASS = YES_ERROR;
				CLANG_WARN_RANGE_LOOP_ANALYSIS = YES;
				CLANG_WARN_STRICT_PROTOTYPES = YES;
				CLANG_WARN_SUSPICIOUS_MOVE = YES;
				CLANG_WARN_UNGUARDED_AVAILABILITY = YES_AGGRESSIVE;
				CLANG_WARN_UNREACHABLE_CODE = YES;
				CLANG_WARN__DUPLICATE_METHOD_MATCH = YES;
				CODE_SIGN_IDENTITY = "iPhone Developer";
				COPY_PHASE_STRIP = NO;
				DEBUG_INFORMATION_FORMAT = "dwarf-with-dsym";
				ENABLE_NS_ASSERTIONS = NO;
				ENABLE_STRICT_OBJC_MSGSEND = YES;
				GCC_C_LANGUAGE_STANDARD = gnu11;
				GCC_NO_COMMON_BLOCKS = YES;
				GCC_WARN_64_TO_32_BIT_CONVERSION = YES;
				GCC_WARN_ABOUT_RETURN_TYPE = YES_ERROR;
				GCC_WARN_UNDECLARED_SELECTOR = YES;
				GCC_WARN_UNINITIALIZED_AUTOS = YES_AGGRESSIVE;
				GCC_WARN_UNUSED_FUNCTION = YES;
				GCC_WARN_UNUSED_VARIABLE = YES;
				IPHONEOS_DEPLOYMENT_TARGET = 12.1;
				MTL_ENABLE_DEBUG_INFO = NO;
				MTL_FAST_MATH = YES;
				SDKROOT = iphoneos;
				VALIDATE_PRODUCT = YES;
			};
			name = Release;
		};
		1F8B737B225F9B7000E60487 /* Debug */ = {
			isa = XCBuildConfiguration;
			buildSettings = {
				ASSETCATALOG_COMPILER_APPICON_NAME = AppIcon;
				CODE_SIGN_STYLE = Automatic;
				DEVELOPMENT_TEAM = 2937G8HQQ5;
				INFOPLIST_FILE = CameraAndGalleryExample/Info.plist;
				LD_RUNPATH_SEARCH_PATHS = (
					"$(inherited)",
					"@executable_path/Frameworks",
				);
				PRODUCT_BUNDLE_IDENTIFIER = Studio45.CameraAndGalleryExample;
				PRODUCT_NAME = "$(TARGET_NAME)";
				TARGETED_DEVICE_FAMILY = "1,2";
			};
			name = Debug;
		};
		1F8B737C225F9B7000E60487 /* Release */ = {
			isa = XCBuildConfiguration;
			buildSettings = {
				ASSETCATALOG_COMPILER_APPICON_NAME = AppIcon;
				CODE_SIGN_STYLE = Automatic;
				DEVELOPMENT_TEAM = 2937G8HQQ5;
				INFOPLIST_FILE = CameraAndGalleryExample/Info.plist;
				LD_RUNPATH_SEARCH_PATHS = (
					"$(inherited)",
					"@executable_path/Frameworks",
				);
				PRODUCT_BUNDLE_IDENTIFIER = Studio45.CameraAndGalleryExample;
				PRODUCT_NAME = "$(TARGET_NAME)";
				TARGETED_DEVICE_FAMILY = "1,2";
			};
			name = Release;
		};
/* End XCBuildConfiguration section */

/* Begin XCConfigurationList section */
		1F8B735F225F9B6F00E60487 /* Build configuration list for PBXProject "CameraAndGalleryExample" */ = {
			isa = XCConfigurationList;
			buildConfigurations = (
				1F8B7378225F9B7000E60487 /* Debug */,
				1F8B7379225F9B7000E60487 /* Release */,
			);
			defaultConfigurationIsVisible = 0;
			defaultConfigurationName = Release;
		};
		1F8B737A225F9B7000E60487 /* Build configuration list for PBXNativeTarget "CameraAndGalleryExample" */ = {
			isa = XCConfigurationList;
			buildConfigurations = (
				1F8B737B225F9B7000E60487 /* Debug */,
				1F8B737C225F9B7000E60487 /* Release */,
			);
			defaultConfigurationIsVisible = 0;
			defaultConfigurationName = Release;
		};
/* End XCConfigurationList section */
	};
	rootObject = 1F8B735C225F9B6F00E60487 /* Project object */;
}
